// !$*UTF8*$!
{
	archiveVersion = 1;
	classes = {
	};
	objectVersion = 55;
	objects = {

/* Begin PBXBuildFile section */
		5BE2B4BD284A831200B825B6 /* TabBarViewController.swift in Sources */ = {isa = PBXBuildFile; fileRef = 5BE2B4BC284A831200B825B6 /* TabBarViewController.swift */; };
		5BE2B4BF284A832700B825B6 /* SearchViewController.swift in Sources */ = {isa = PBXBuildFile; fileRef = 5BE2B4BE284A832700B825B6 /* SearchViewController.swift */; };
		5BE2B4C1284A833300B825B6 /* LibraryViewController.swift in Sources */ = {isa = PBXBuildFile; fileRef = 5BE2B4C0284A833300B825B6 /* LibraryViewController.swift */; };
		5BE2B4C5284A83EB00B825B6 /* AuthViewController.swift in Sources */ = {isa = PBXBuildFile; fileRef = 5BE2B4C4284A83EB00B825B6 /* AuthViewController.swift */; };
		5BE2B4C7284A83F700B825B6 /* WelcomeViewController.swift in Sources */ = {isa = PBXBuildFile; fileRef = 5BE2B4C6284A83F700B825B6 /* WelcomeViewController.swift */; };
		5BE2B4C9284A840600B825B6 /* SettingsViewController.swift in Sources */ = {isa = PBXBuildFile; fileRef = 5BE2B4C8284A840600B825B6 /* SettingsViewController.swift */; };
		5BE2B4CC284A841D00B825B6 /* ProfileViewController.swift in Sources */ = {isa = PBXBuildFile; fileRef = 5BE2B4CB284A841D00B825B6 /* ProfileViewController.swift */; };
		5BE2B4CE284A842700B825B6 /* PlaylistViewController.swift in Sources */ = {isa = PBXBuildFile; fileRef = 5BE2B4CD284A842700B825B6 /* PlaylistViewController.swift */; };
		5BE2B4D0284A843800B825B6 /* PlayerViewController.swift in Sources */ = {isa = PBXBuildFile; fileRef = 5BE2B4CF284A843800B825B6 /* PlayerViewController.swift */; };
		5BE2B4D2284A844700B825B6 /* SearchResultsViewController.swift in Sources */ = {isa = PBXBuildFile; fileRef = 5BE2B4D1284A844700B825B6 /* SearchResultsViewController.swift */; };
		5BE2B4D4284A84A000B825B6 /* AuthManager.swift in Sources */ = {isa = PBXBuildFile; fileRef = 5BE2B4D3284A84A000B825B6 /* AuthManager.swift */; };
		5BE2B4D6284A84AD00B825B6 /* APICallerManager.swift in Sources */ = {isa = PBXBuildFile; fileRef = 5BE2B4D5284A84AD00B825B6 /* APICallerManager.swift */; };
		5BE2B4D8284A84C200B825B6 /* HapticsManager.swift in Sources */ = {isa = PBXBuildFile; fileRef = 5BE2B4D7284A84C200B825B6 /* HapticsManager.swift */; };
		5BE2B4DA284A851300B825B6 /* Playlist.swift in Sources */ = {isa = PBXBuildFile; fileRef = 5BE2B4D9284A851300B825B6 /* Playlist.swift */; };
		5BE2B4DC284A851A00B825B6 /* AudioTrack.swift in Sources */ = {isa = PBXBuildFile; fileRef = 5BE2B4DB284A851A00B825B6 /* AudioTrack.swift */; };
		5BE2B4DE284A852400B825B6 /* Artist.swift in Sources */ = {isa = PBXBuildFile; fileRef = 5BE2B4DD284A852400B825B6 /* Artist.swift */; };
		5BE2B4E0284A853100B825B6 /* UserProfile.swift in Sources */ = {isa = PBXBuildFile; fileRef = 5BE2B4DF284A853100B825B6 /* UserProfile.swift */; };
		5BFF72C6284A7DDA00361465 /* AppDelegate.swift in Sources */ = {isa = PBXBuildFile; fileRef = 5BFF72C5284A7DDA00361465 /* AppDelegate.swift */; };
		5BFF72C8284A7DDA00361465 /* SceneDelegate.swift in Sources */ = {isa = PBXBuildFile; fileRef = 5BFF72C7284A7DDA00361465 /* SceneDelegate.swift */; };
		5BFF72CA284A7DDA00361465 /* HomeViewController.swift in Sources */ = {isa = PBXBuildFile; fileRef = 5BFF72C9284A7DDA00361465 /* HomeViewController.swift */; };
		5BFF72CF284A7DDA00361465 /* Assets.xcassets in Resources */ = {isa = PBXBuildFile; fileRef = 5BFF72CE284A7DDA00361465 /* Assets.xcassets */; };
		5BFF72D2284A7DDA00361465 /* LaunchScreen.storyboard in Resources */ = {isa = PBXBuildFile; fileRef = 5BFF72D0284A7DDA00361465 /* LaunchScreen.storyboard */; };
/* End PBXBuildFile section */

/* Begin PBXFileReference section */
		5BE2B4BC284A831200B825B6 /* TabBarViewController.swift */ = {isa = PBXFileReference; lastKnownFileType = sourcecode.swift; path = TabBarViewController.swift; sourceTree = "<group>"; };
		5BE2B4BE284A832700B825B6 /* SearchViewController.swift */ = {isa = PBXFileReference; lastKnownFileType = sourcecode.swift; path = SearchViewController.swift; sourceTree = "<group>"; };
		5BE2B4C0284A833300B825B6 /* LibraryViewController.swift */ = {isa = PBXFileReference; lastKnownFileType = sourcecode.swift; path = LibraryViewController.swift; sourceTree = "<group>"; };
		5BE2B4C4284A83EB00B825B6 /* AuthViewController.swift */ = {isa = PBXFileReference; lastKnownFileType = sourcecode.swift; path = AuthViewController.swift; sourceTree = "<group>"; };
		5BE2B4C6284A83F700B825B6 /* WelcomeViewController.swift */ = {isa = PBXFileReference; lastKnownFileType = sourcecode.swift; path = WelcomeViewController.swift; sourceTree = "<group>"; };
		5BE2B4C8284A840600B825B6 /* SettingsViewController.swift */ = {isa = PBXFileReference; lastKnownFileType = sourcecode.swift; path = SettingsViewController.swift; sourceTree = "<group>"; };
		5BE2B4CB284A841D00B825B6 /* ProfileViewController.swift */ = {isa = PBXFileReference; lastKnownFileType = sourcecode.swift; path = ProfileViewController.swift; sourceTree = "<group>"; };
		5BE2B4CD284A842700B825B6 /* PlaylistViewController.swift */ = {isa = PBXFileReference; lastKnownFileType = sourcecode.swift; path = PlaylistViewController.swift; sourceTree = "<group>"; };
		5BE2B4CF284A843800B825B6 /* PlayerViewController.swift */ = {isa = PBXFileReference; lastKnownFileType = sourcecode.swift; path = PlayerViewController.swift; sourceTree = "<group>"; };
		5BE2B4D1284A844700B825B6 /* SearchResultsViewController.swift */ = {isa = PBXFileReference; lastKnownFileType = sourcecode.swift; path = SearchResultsViewController.swift; sourceTree = "<group>"; };
		5BE2B4D3284A84A000B825B6 /* AuthManager.swift */ = {isa = PBXFileReference; lastKnownFileType = sourcecode.swift; path = AuthManager.swift; sourceTree = "<group>"; };
		5BE2B4D5284A84AD00B825B6 /* APICallerManager.swift */ = {isa = PBXFileReference; lastKnownFileType = sourcecode.swift; path = APICallerManager.swift; sourceTree = "<group>"; };
		5BE2B4D7284A84C200B825B6 /* HapticsManager.swift */ = {isa = PBXFileReference; lastKnownFileType = sourcecode.swift; path = HapticsManager.swift; sourceTree = "<group>"; };
		5BE2B4D9284A851300B825B6 /* Playlist.swift */ = {isa = PBXFileReference; lastKnownFileType = sourcecode.swift; path = Playlist.swift; sourceTree = "<group>"; };
		5BE2B4DB284A851A00B825B6 /* AudioTrack.swift */ = {isa = PBXFileReference; lastKnownFileType = sourcecode.swift; path = AudioTrack.swift; sourceTree = "<group>"; };
		5BE2B4DD284A852400B825B6 /* Artist.swift */ = {isa = PBXFileReference; lastKnownFileType = sourcecode.swift; path = Artist.swift; sourceTree = "<group>"; };
		5BE2B4DF284A853100B825B6 /* UserProfile.swift */ = {isa = PBXFileReference; lastKnownFileType = sourcecode.swift; path = UserProfile.swift; sourceTree = "<group>"; };
		5BFF72C2284A7DDA00361465 /* Spotify Clone.app */ = {isa = PBXFileReference; explicitFileType = wrapper.application; includeInIndex = 0; path = "Spotify Clone.app"; sourceTree = BUILT_PRODUCTS_DIR; };
		5BFF72C5284A7DDA00361465 /* AppDelegate.swift */ = {isa = PBXFileReference; lastKnownFileType = sourcecode.swift; path = AppDelegate.swift; sourceTree = "<group>"; };
		5BFF72C7284A7DDA00361465 /* SceneDelegate.swift */ = {isa = PBXFileReference; lastKnownFileType = sourcecode.swift; path = SceneDelegate.swift; sourceTree = "<group>"; };
		5BFF72C9284A7DDA00361465 /* HomeViewController.swift */ = {isa = PBXFileReference; lastKnownFileType = sourcecode.swift; path = HomeViewController.swift; sourceTree = "<group>"; };
		5BFF72CE284A7DDA00361465 /* Assets.xcassets */ = {isa = PBXFileReference; lastKnownFileType = folder.assetcatalog; path = Assets.xcassets; sourceTree = "<group>"; };
		5BFF72D1284A7DDA00361465 /* Base */ = {isa = PBXFileReference; lastKnownFileType = file.storyboard; name = Base; path = Base.lproj/LaunchScreen.storyboard; sourceTree = "<group>"; };
		5BFF72D3284A7DDA00361465 /* Info.plist */ = {isa = PBXFileReference; lastKnownFileType = text.plist.xml; path = Info.plist; sourceTree = "<group>"; };
/* End PBXFileReference section */

/* Begin PBXFrameworksBuildPhase section */
		5BFF72BF284A7DDA00361465 /* Frameworks */ = {
			isa = PBXFrameworksBuildPhase;
			buildActionMask = 2147483647;
			files = (
			);
			runOnlyForDeploymentPostprocessing = 0;
		};
/* End PBXFrameworksBuildPhase section */

/* Begin PBXGroup section */
		5BE2B4C2284A833600B825B6 /* Core */ = {
			isa = PBXGroup;
			children = (
				5BE2B4BC284A831200B825B6 /* TabBarViewController.swift */,
				5BFF72C9284A7DDA00361465 /* HomeViewController.swift */,
				5BE2B4BE284A832700B825B6 /* SearchViewController.swift */,
				5BE2B4C0284A833300B825B6 /* LibraryViewController.swift */,
			);
			path = Core;
			sourceTree = "<group>";
		};
		5BE2B4C3284A83D900B825B6 /* Other */ = {
			isa = PBXGroup;
			children = (
				5BE2B4C6284A83F700B825B6 /* WelcomeViewController.swift */,
				5BE2B4C4284A83EB00B825B6 /* AuthViewController.swift */,
				5BE2B4C8284A840600B825B6 /* SettingsViewController.swift */,
				5BE2B4CB284A841D00B825B6 /* ProfileViewController.swift */,
				5BE2B4CF284A843800B825B6 /* PlayerViewController.swift */,
				5BE2B4CD284A842700B825B6 /* PlaylistViewController.swift */,
				5BE2B4D1284A844700B825B6 /* SearchResultsViewController.swift */,
			);
			path = Other;
			sourceTree = "<group>";
		};
		5BFF72B9284A7DDA00361465 = {
			isa = PBXGroup;
			children = (
				5BFF72C4284A7DDA00361465 /* Spotify Clone */,
				5BFF72C3284A7DDA00361465 /* Products */,
			);
			sourceTree = "<group>";
		};
		5BFF72C3284A7DDA00361465 /* Products */ = {
			isa = PBXGroup;
			children = (
				5BFF72C2284A7DDA00361465 /* Spotify Clone.app */,
			);
			name = Products;
			sourceTree = "<group>";
		};
		5BFF72C4284A7DDA00361465 /* Spotify Clone */ = {
			isa = PBXGroup;
			children = (
				5BFF72DF284A7E9500361465 /* Resoucers */,
				5BFF72DE284A7E8F00361465 /* Managers */,
				5BFF72D9284A7E5300361465 /* Models */,
				5BFF72DC284A7E6500361465 /* Views */,
				5BFF72DA284A7E5800361465 /* ViewModels */,
				5BFF72DD284A7E7000361465 /* Controllers */,
				5BFF72D3284A7DDA00361465 /* Info.plist */,
			);
			path = "Spotify Clone";
			sourceTree = "<group>";
		};
		5BFF72D9284A7E5300361465 /* Models */ = {
			isa = PBXGroup;
			children = (
				5BE2B4D9284A851300B825B6 /* Playlist.swift */,
				5BE2B4DB284A851A00B825B6 /* AudioTrack.swift */,
				5BE2B4DD284A852400B825B6 /* Artist.swift */,
				5BE2B4DF284A853100B825B6 /* UserProfile.swift */,
			);
			path = Models;
			sourceTree = "<group>";
		};
		5BFF72DA284A7E5800361465 /* ViewModels */ = {
			isa = PBXGroup;
			children = (
			);
			path = ViewModels;
			sourceTree = "<group>";
		};
		5BFF72DC284A7E6500361465 /* Views */ = {
			isa = PBXGroup;
			children = (
				5BFF72D0284A7DDA00361465 /* LaunchScreen.storyboard */,
			);
			path = Views;
			sourceTree = "<group>";
		};
		5BFF72DD284A7E7000361465 /* Controllers */ = {
			isa = PBXGroup;
			children = (
				5BE2B4C3284A83D900B825B6 /* Other */,
				5BE2B4C2284A833600B825B6 /* Core */,
			);
			path = Controllers;
			sourceTree = "<group>";
		};
		5BFF72DE284A7E8F00361465 /* Managers */ = {
			isa = PBXGroup;
			children = (
				5BE2B4D3284A84A000B825B6 /* AuthManager.swift */,
				5BE2B4D5284A84AD00B825B6 /* APICallerManager.swift */,
				5BE2B4D7284A84C200B825B6 /* HapticsManager.swift */,
			);
			path = Managers;
			sourceTree = "<group>";
		};
		5BFF72DF284A7E9500361465 /* Resoucers */ = {
			isa = PBXGroup;
			children = (
				5BFF72CE284A7DDA00361465 /* Assets.xcassets */,
				5BFF72C5284A7DDA00361465 /* AppDelegate.swift */,
				5BFF72C7284A7DDA00361465 /* SceneDelegate.swift */,
			);
			path = Resoucers;
			sourceTree = "<group>";
		};
/* End PBXGroup section */

/* Begin PBXNativeTarget section */
		5BFF72C1284A7DDA00361465 /* Spotify Clone */ = {
			isa = PBXNativeTarget;
			buildConfigurationList = 5BFF72D6284A7DDA00361465 /* Build configuration list for PBXNativeTarget "Spotify Clone" */;
			buildPhases = (
				5BFF72BE284A7DDA00361465 /* Sources */,
				5BFF72BF284A7DDA00361465 /* Frameworks */,
				5BFF72C0284A7DDA00361465 /* Resources */,
			);
			buildRules = (
			);
			dependencies = (
			);
			name = "Spotify Clone";
			productName = "Spotify Clone";
			productReference = 5BFF72C2284A7DDA00361465 /* Spotify Clone.app */;
			productType = "com.apple.product-type.application";
		};
/* End PBXNativeTarget section */

/* Begin PBXProject section */
		5BFF72BA284A7DDA00361465 /* Project object */ = {
			isa = PBXProject;
			attributes = {
				BuildIndependentTargetsInParallel = 1;
				LastSwiftUpdateCheck = 1330;
				LastUpgradeCheck = 1330;
				TargetAttributes = {
					5BFF72C1284A7DDA00361465 = {
						CreatedOnToolsVersion = 13.3;
					};
				};
			};
			buildConfigurationList = 5BFF72BD284A7DDA00361465 /* Build configuration list for PBXProject "Spotify Clone" */;
			compatibilityVersion = "Xcode 13.0";
			developmentRegion = en;
			hasScannedForEncodings = 0;
			knownRegions = (
				en,
				Base,
			);
			mainGroup = 5BFF72B9284A7DDA00361465;
			productRefGroup = 5BFF72C3284A7DDA00361465 /* Products */;
			projectDirPath = "";
			projectRoot = "";
			targets = (
				5BFF72C1284A7DDA00361465 /* Spotify Clone */,
			);
		};
/* End PBXProject section */

/* Begin PBXResourcesBuildPhase section */
		5BFF72C0284A7DDA00361465 /* Resources */ = {
			isa = PBXResourcesBuildPhase;
			buildActionMask = 2147483647;
			files = (
				5BFF72D2284A7DDA00361465 /* LaunchScreen.storyboard in Resources */,
				5BFF72CF284A7DDA00361465 /* Assets.xcassets in Resources */,
			);
			runOnlyForDeploymentPostprocessing = 0;
		};
/* End PBXResourcesBuildPhase section */

/* Begin PBXSourcesBuildPhase section */
		5BFF72BE284A7DDA00361465 /* Sources */ = {
			isa = PBXSourcesBuildPhase;
			buildActionMask = 2147483647;
			files = (
				5BE2B4BF284A832700B825B6 /* SearchViewController.swift in Sources */,
				5BE2B4DA284A851300B825B6 /* Playlist.swift in Sources */,
				5BE2B4D4284A84A000B825B6 /* AuthManager.swift in Sources */,
				5BE2B4D2284A844700B825B6 /* SearchResultsViewController.swift in Sources */,
				5BE2B4C7284A83F700B825B6 /* WelcomeViewController.swift in Sources */,
				5BE2B4CC284A841D00B825B6 /* ProfileViewController.swift in Sources */,
				5BE2B4BD284A831200B825B6 /* TabBarViewController.swift in Sources */,
				5BE2B4D8284A84C200B825B6 /* HapticsManager.swift in Sources */,
				5BE2B4DC284A851A00B825B6 /* AudioTrack.swift in Sources */,
				5BFF72CA284A7DDA00361465 /* HomeViewController.swift in Sources */,
				5BE2B4D0284A843800B825B6 /* PlayerViewController.swift in Sources */,
				5BE2B4C5284A83EB00B825B6 /* AuthViewController.swift in Sources */,
				5BE2B4E0284A853100B825B6 /* UserProfile.swift in Sources */,
				5BFF72C6284A7DDA00361465 /* AppDelegate.swift in Sources */,
				5BE2B4DE284A852400B825B6 /* Artist.swift in Sources */,
				5BE2B4CE284A842700B825B6 /* PlaylistViewController.swift in Sources */,
				5BE2B4C1284A833300B825B6 /* LibraryViewController.swift in Sources */,
				5BFF72C8284A7DDA00361465 /* SceneDelegate.swift in Sources */,
				5BE2B4D6284A84AD00B825B6 /* APICallerManager.swift in Sources */,
				5BE2B4C9284A840600B825B6 /* SettingsViewController.swift in Sources */,
			);
			runOnlyForDeploymentPostprocessing = 0;
		};
/* End PBXSourcesBuildPhase section */

/* Begin PBXVariantGroup section */
		5BFF72D0284A7DDA00361465 /* LaunchScreen.storyboard */ = {
			isa = PBXVariantGroup;
			children = (
				5BFF72D1284A7DDA00361465 /* Base */,
			);
			name = LaunchScreen.storyboard;
			sourceTree = "<group>";
		};
/* End PBXVariantGroup section */

/* Begin XCBuildConfiguration section */
		5BFF72D4284A7DDA00361465 /* Debug */ = {
			isa = XCBuildConfiguration;
			buildSettings = {
				ALWAYS_SEARCH_USER_PATHS = NO;
				CLANG_ANALYZER_NONNULL = YES;
				CLANG_ANALYZER_NUMBER_OBJECT_CONVERSION = YES_AGGRESSIVE;
				CLANG_CXX_LANGUAGE_STANDARD = "gnu++17";
				CLANG_ENABLE_MODULES = YES;
				CLANG_ENABLE_OBJC_ARC = YES;
				CLANG_ENABLE_OBJC_WEAK = YES;
				CLANG_WARN_BLOCK_CAPTURE_AUTORELEASING = YES;
				CLANG_WARN_BOOL_CONVERSION = YES;
				CLANG_WARN_COMMA = YES;
				CLANG_WARN_CONSTANT_CONVERSION = YES;
				CLANG_WARN_DEPRECATED_OBJC_IMPLEMENTATIONS = YES;
				CLANG_WARN_DIRECT_OBJC_ISA_USAGE = YES_ERROR;
				CLANG_WARN_DOCUMENTATION_COMMENTS = YES;
				CLANG_WARN_EMPTY_BODY = YES;
				CLANG_WARN_ENUM_CONVERSION = YES;
				CLANG_WARN_INFINITE_RECURSION = YES;
				CLANG_WARN_INT_CONVERSION = YES;
				CLANG_WARN_NON_LITERAL_NULL_CONVERSION = YES;
				CLANG_WARN_OBJC_IMPLICIT_RETAIN_SELF = YES;
				CLANG_WARN_OBJC_LITERAL_CONVERSION = YES;
				CLANG_WARN_OBJC_ROOT_CLASS = YES_ERROR;
				CLANG_WARN_QUOTED_INCLUDE_IN_FRAMEWORK_HEADER = YES;
				CLANG_WARN_RANGE_LOOP_ANALYSIS = YES;
				CLANG_WARN_STRICT_PROTOTYPES = YES;
				CLANG_WARN_SUSPICIOUS_MOVE = YES;
				CLANG_WARN_UNGUARDED_AVAILABILITY = YES_AGGRESSIVE;
				CLANG_WARN_UNREACHABLE_CODE = YES;
				CLANG_WARN__DUPLICATE_METHOD_MATCH = YES;
				COPY_PHASE_STRIP = NO;
				DEBUG_INFORMATION_FORMAT = dwarf;
				ENABLE_STRICT_OBJC_MSGSEND = YES;
				ENABLE_TESTABILITY = YES;
				GCC_C_LANGUAGE_STANDARD = gnu11;
				GCC_DYNAMIC_NO_PIC = NO;
				GCC_NO_COMMON_BLOCKS = YES;
				GCC_OPTIMIZATION_LEVEL = 0;
				GCC_PREPROCESSOR_DEFINITIONS = (
					"DEBUG=1",
					"$(inherited)",
				);
				GCC_WARN_64_TO_32_BIT_CONVERSION = YES;
				GCC_WARN_ABOUT_RETURN_TYPE = YES_ERROR;
				GCC_WARN_UNDECLARED_SELECTOR = YES;
				GCC_WARN_UNINITIALIZED_AUTOS = YES_AGGRESSIVE;
				GCC_WARN_UNUSED_FUNCTION = YES;
				GCC_WARN_UNUSED_VARIABLE = YES;
				IPHONEOS_DEPLOYMENT_TARGET = 15.4;
				MTL_ENABLE_DEBUG_INFO = INCLUDE_SOURCE;
				MTL_FAST_MATH = YES;
				ONLY_ACTIVE_ARCH = YES;
				SDKROOT = iphoneos;
				SWIFT_ACTIVE_COMPILATION_CONDITIONS = DEBUG;
				SWIFT_OPTIMIZATION_LEVEL = "-Onone";
			};
			name = Debug;
		};
		5BFF72D5284A7DDA00361465 /* Release */ = {
			isa = XCBuildConfiguration;
			buildSettings = {
				ALWAYS_SEARCH_USER_PATHS = NO;
				CLANG_ANALYZER_NONNULL = YES;
				CLANG_ANALYZER_NUMBER_OBJECT_CONVERSION = YES_AGGRESSIVE;
				CLANG_CXX_LANGUAGE_STANDARD = "gnu++17";
				CLANG_ENABLE_MODULES = YES;
				CLANG_ENABLE_OBJC_ARC = YES;
				CLANG_ENABLE_OBJC_WEAK = YES;
				CLANG_WARN_BLOCK_CAPTURE_AUTORELEASING = YES;
				CLANG_WARN_BOOL_CONVERSION = YES;
				CLANG_WARN_COMMA = YES;
				CLANG_WARN_CONSTANT_CONVERSION = YES;
				CLANG_WARN_DEPRECATED_OBJC_IMPLEMENTATIONS = YES;
				CLANG_WARN_DIRECT_OBJC_ISA_USAGE = YES_ERROR;
				CLANG_WARN_DOCUMENTATION_COMMENTS = YES;
				CLANG_WARN_EMPTY_BODY = YES;
				CLANG_WARN_ENUM_CONVERSION = YES;
				CLANG_WARN_INFINITE_RECURSION = YES;
				CLANG_WARN_INT_CONVERSION = YES;
				CLANG_WARN_NON_LITERAL_NULL_CONVERSION = YES;
				CLANG_WARN_OBJC_IMPLICIT_RETAIN_SELF = YES;
				CLANG_WARN_OBJC_LITERAL_CONVERSION = YES;
				CLANG_WARN_OBJC_ROOT_CLASS = YES_ERROR;
				CLANG_WARN_QUOTED_INCLUDE_IN_FRAMEWORK_HEADER = YES;
				CLANG_WARN_RANGE_LOOP_ANALYSIS = YES;
				CLANG_WARN_STRICT_PROTOTYPES = YES;
				CLANG_WARN_SUSPICIOUS_MOVE = YES;
				CLANG_WARN_UNGUARDED_AVAILABILITY = YES_AGGRESSIVE;
				CLANG_WARN_UNREACHABLE_CODE = YES;
				CLANG_WARN__DUPLICATE_METHOD_MATCH = YES;
				COPY_PHASE_STRIP = NO;
				DEBUG_INFORMATION_FORMAT = "dwarf-with-dsym";
				ENABLE_NS_ASSERTIONS = NO;
				ENABLE_STRICT_OBJC_MSGSEND = YES;
				GCC_C_LANGUAGE_STANDARD = gnu11;
				GCC_NO_COMMON_BLOCKS = YES;
				GCC_WARN_64_TO_32_BIT_CONVERSION = YES;
				GCC_WARN_ABOUT_RETURN_TYPE = YES_ERROR;
				GCC_WARN_UNDECLARED_SELECTOR = YES;
				GCC_WARN_UNINITIALIZED_AUTOS = YES_AGGRESSIVE;
				GCC_WARN_UNUSED_FUNCTION = YES;
				GCC_WARN_UNUSED_VARIABLE = YES;
				IPHONEOS_DEPLOYMENT_TARGET = 15.4;
				MTL_ENABLE_DEBUG_INFO = NO;
				MTL_FAST_MATH = YES;
				SDKROOT = iphoneos;
				SWIFT_COMPILATION_MODE = wholemodule;
				SWIFT_OPTIMIZATION_LEVEL = "-O";
				VALIDATE_PRODUCT = YES;
			};
			name = Release;
		};
		5BFF72D7284A7DDA00361465 /* Debug */ = {
			isa = XCBuildConfiguration;
			buildSettings = {
				ASSETCATALOG_COMPILER_APPICON_NAME = AppIcon;
				ASSETCATALOG_COMPILER_GLOBAL_ACCENT_COLOR_NAME = AccentColor;
				CODE_SIGN_STYLE = Automatic;
				CURRENT_PROJECT_VERSION = 1;
				DEVELOPMENT_TEAM = R34Q66Z56H;
				GENERATE_INFOPLIST_FILE = YES;
				INFOPLIST_FILE = "Spotify Clone/Info.plist";
				INFOPLIST_KEY_UIApplicationSupportsIndirectInputEvents = YES;
				INFOPLIST_KEY_UILaunchStoryboardName = LaunchScreen;
				INFOPLIST_KEY_UISupportedInterfaceOrientations_iPad = "UIInterfaceOrientationPortrait UIInterfaceOrientationPortraitUpsideDown UIInterfaceOrientationLandscapeLeft UIInterfaceOrientationLandscapeRight";
				INFOPLIST_KEY_UISupportedInterfaceOrientations_iPhone = "UIInterfaceOrientationPortrait UIInterfaceOrientationLandscapeLeft UIInterfaceOrientationLandscapeRight";
				LD_RUNPATH_SEARCH_PATHS = (
					"$(inherited)",
					"@executable_path/Frameworks",
				);
				MARKETING_VERSION = 1.0;
				PRODUCT_BUNDLE_IDENTIFIER = "br.com.leonardo.Spotify-Clone";
				PRODUCT_NAME = "$(TARGET_NAME)";
				SWIFT_EMIT_LOC_STRINGS = YES;
				SWIFT_VERSION = 5.0;
				TARGETED_DEVICE_FAMILY = "1,2";
			};
			name = Debug;
		};
		5BFF72D8284A7DDA00361465 /* Release */ = {
			isa = XCBuildConfiguration;
			buildSettings = {
				ASSETCATALOG_COMPILER_APPICON_NAME = AppIcon;
				ASSETCATALOG_COMPILER_GLOBAL_ACCENT_COLOR_NAME = AccentColor;
				CODE_SIGN_STYLE = Automatic;
				CURRENT_PROJECT_VERSION = 1;
				DEVELOPMENT_TEAM = R34Q66Z56H;
				GENERATE_INFOPLIST_FILE = YES;
				INFOPLIST_FILE = "Spotify Clone/Info.plist";
				INFOPLIST_KEY_UIApplicationSupportsIndirectInputEvents = YES;
				INFOPLIST_KEY_UILaunchStoryboardName = LaunchScreen;
				INFOPLIST_KEY_UISupportedInterfaceOrientations_iPad = "UIInterfaceOrientationPortrait UIInterfaceOrientationPortraitUpsideDown UIInterfaceOrientationLandscapeLeft UIInterfaceOrientationLandscapeRight";
				INFOPLIST_KEY_UISupportedInterfaceOrientations_iPhone = "UIInterfaceOrientationPortrait UIInterfaceOrientationLandscapeLeft UIInterfaceOrientationLandscapeRight";
				LD_RUNPATH_SEARCH_PATHS = (
					"$(inherited)",
					"@executable_path/Frameworks",
				);
				MARKETING_VERSION = 1.0;
				PRODUCT_BUNDLE_IDENTIFIER = "br.com.leonardo.Spotify-Clone";
				PRODUCT_NAME = "$(TARGET_NAME)";
				SWIFT_EMIT_LOC_STRINGS = YES;
				SWIFT_VERSION = 5.0;
				TARGETED_DEVICE_FAMILY = "1,2";
			};
			name = Release;
		};
/* End XCBuildConfiguration section */

/* Begin XCConfigurationList section */
		5BFF72BD284A7DDA00361465 /* Build configuration list for PBXProject "Spotify Clone" */ = {
			isa = XCConfigurationList;
			buildConfigurations = (
				5BFF72D4284A7DDA00361465 /* Debug */,
				5BFF72D5284A7DDA00361465 /* Release */,
			);
			defaultConfigurationIsVisible = 0;
			defaultConfigurationName = Release;
		};
		5BFF72D6284A7DDA00361465 /* Build configuration list for PBXNativeTarget "Spotify Clone" */ = {
			isa = XCConfigurationList;
			buildConfigurations = (
				5BFF72D7284A7DDA00361465 /* Debug */,
				5BFF72D8284A7DDA00361465 /* Release */,
			);
			defaultConfigurationIsVisible = 0;
			defaultConfigurationName = Release;
		};
/* End XCConfigurationList section */
	};
	rootObject = 5BFF72BA284A7DDA00361465 /* Project object */;
}
